#MicroXplorer Configuration settings - do not modify
Mcu.Family=STM32F4
ProjectManager.MainLocation=Src
ProjectManager.ProjectFileName=xcomm_pcb.ioc
RCC.CortexFreq_Value=16000000
ProjectManager.KeepUserCode=true
Mcu.UserName=STM32F446RETx
Mcu.PinsNb=18
ProjectManager.NoMain=false
PC12.Locked=true
RCC.PLLCLKFreq_Value=96000000
PC11.Signal=SDIO_D3
PC12.Signal=SDIO_CK
RCC.PLLQCLKFreq_Value=96000000
RCC.VCOI2SInputFreq_Value=1000000
ProjectManager.functionlistsort=
PC8.Signal=SDIO_D0
PC9.Locked=true
ProjectManager.DefaultFWLocation=true
RCC.PLLI2SRCLKFreq_Value=96000000
PB12.Locked=true
ProjectManager.DeletePrevious=true
PB14.Locked=true
PB13.Signal=SPI2_SCK
PB15.Signal=SPI2_MOSI
RCC.SAIAFreq_Value=96000000
PinOutPanel.RotationAngle=-90
RCC.FamilyName=M
ProjectManager.StackSize=0x400
NVIC.SVCall_IRQn=true\:0\:0\:false\:false\:true\:false\:false
Mcu.IP2=SDIO
Mcu.IP3=SYS
Mcu.IP0=NVIC
Mcu.IP1=RCC
Mcu.UserConstants=
ProjectManager.TargetToolchain=EWARM V8.32
Mcu.ThirdPartyNb=0
RCC.SDIOFreq_Value=96000000
Mcu.IPNb=4
ProjectManager.PreviousToolchain=
PA9.Signal=USART1_TX
PB6.Signal=GPIO_Output
PB5.Locked=true
Mcu.Pin6=PC8
Mcu.Pin7=PC9
Mcu.Pin8=PA9
RCC.USBFreq_Value=96000000
Mcu.Pin9=PA10
RCC.VCOSAIOutputFreq_Value=192000000
PB13.Locked=true
Mcu.Pin0=PB0
Mcu.Pin1=PB1
GPIO.groupedBy=
Mcu.Pin2=PB12
Mcu.Pin3=PB13
Mcu.Pin4=PB14
RCC.VCOI2SOutputFreq_Value=192000000
PB14.Signal=SPI2_MISO
Mcu.Pin5=PB15
PD2.Mode=SD_4_bits_Wide_bus
ProjectManager.ProjectBuild=false
NVIC.UsageFault_IRQn=true\:0\:0\:false\:false\:true\:false\:false
PC12.Mode=SD_4_bits_Wide_bus
NVIC.DebugMonitor_IRQn=true\:0\:0\:false\:false\:true\:false\:false
PB0.Mode=SD_4_bits_Wide_bus
RCC.PLLSAIPCLKFreq_Value=96000000
board=custom
RCC.VCOOutputFreq_Value=192000000
NVIC.SysTick_IRQn=true\:0\:0\:false\:false\:true\:false\:true
ProjectManager.LastFirmware=true
ProjectManager.FirmwarePackage=STM32Cube FW_F4 V1.25.1
MxDb.Version=DB.5.0.60
ProjectManager.BackupPrevious=false
MxCube.Version=5.6.0
RCC.VCOInputFreq_Value=1000000
RCC.PLLI2SPCLKFreq_Value=96000000
File.Version=6
VP_SYS_VS_Systick.Mode=SysTick
PA9.Locked=true
NVIC.NonMaskableInt_IRQn=true\:0\:0\:false\:false\:true\:false\:false
RCC.PLLRCLKFreq_Value=96000000
PB6.Locked=true
NVIC.PendSV_IRQn=true\:0\:0\:false\:false\:true\:false\:false
ProjectManager.FreePins=false
RCC.IPParameters=CECFreq_Value,CortexFreq_Value,FamilyName,PLLCLKFreq_Value,PLLI2SPCLKFreq_Value,PLLI2SQCLKFreq_Value,PLLI2SRCLKFreq_Value,PLLQCLKFreq_Value,PLLRCLKFreq_Value,PLLSAIPCLKFreq_Value,PLLSAIQCLKFreq_Value,SAIAFreq_Value,SAIBFreq_Value,SDIOFreq_Value,USBFreq_Value,VCOI2SInputFreq_Value,VCOI2SOutputFreq_Value,VCOInputFreq_Value,VCOOutputFreq_Value,VCOSAIInputFreq_Value,VCOSAIOutputFreq_Value
ProjectManager.AskForMigrate=true
Mcu.Name=STM32F446R(C-E)Tx
RCC.PLLI2SQCLKFreq_Value=96000000
ProjectManager.HalAssertFull=false
ProjectManager.ProjectName=xcomm_pcb
ProjectManager.UnderRoot=false
RCC.VCOSAIInputFreq_Value=1000000
PC8.Mode=SD_4_bits_Wide_bus
ProjectManager.CoupleFile=false
PB4.Locked=true
PB3.Signal=SPI1_SCK
Mcu.Package=LQFP64
PB5.Signal=SPI1_MOSI
PB1.Signal=SDIO_D2
PA10.Locked=true
NVIC.ForceEnableDMAVector=true
KeepUserPlacement=false
NVIC.MemoryManagement_IRQn=true\:0\:0\:false\:false\:true\:false\:false
ProjectManager.CompilerOptimize=6
ProjectManager.ToolChainLocation=
VP_SYS_VS_Systick.Signal=SYS_VS_Systick
PA10.Signal=USART1_RX
ProjectManager.HeapSize=0x200
Mcu.Pin15=PB5
NVIC.HardFault_IRQn=true\:0\:0\:false\:false\:true\:false\:false
PB1.Mode=SD_4_bits_Wide_bus
Mcu.Pin16=PB6
Mcu.Pin13=PB3
PC11.Mode=SD_4_bits_Wide_bus
Mcu.Pin14=PB4
ProjectManager.ComputerToolchain=false
Mcu.Pin17=VP_SYS_VS_Systick
NVIC.PriorityGroup=NVIC_PRIORITYGROUP_4
Mcu.Pin11=PC12
Mcu.Pin12=PD2
Mcu.Pin10=PC11
RCC.CECFreq_Value=32786.88524590164
NVIC.BusFault_IRQn=true\:0\:0\:false\:false\:true\:false\:false
PC9.Signal=GPIO_Input
PD2.Signal=SDIO_CMD
RCC.SAIBFreq_Value=96000000
PB0.Signal=SDIO_D1
ProjectManager.CustomerFirmwarePackage=
ProjectManager.DeviceId=STM32F446RETx
PB12.Signal=SPI2_NSS
ProjectManager.LibraryCopy=0
RCC.PLLSAIQCLKFreq_Value=96000000
PB4.Signal=SPI1_MISO
PB3.Locked=true
PB15.Locked=true
